
Microsoft Visual Studio Solution File, Format Version 12.00
# Visual Studio Version 16
VisualStudioVersion = 16.0.29025.244
MinimumVisualStudioVersion = 10.0.40219.1
Project("{FAE04EC0-301F-11D3-BF4B-00C04F79EFBC}") = "ContactDetailsAPI", "ContactDetailsAPI\ContactDetailsAPI.csproj", "{79057998-F31F-472E-B137-D87206B9F735}"
EndProject
Project("{FAE04EC0-301F-11D3-BF4B-00C04F79EFBC}") = "ContactDetailsUI", "ContactDetailsUI\ContactDetailsUI.csproj", "{F5D6E9EE-1BD8-4FD6-A5BC-918BCCE8576B}"
EndProject
Project("{FAE04EC0-301F-11D3-BF4B-00C04F79EFBC}") = "ContactDetailsXUnitTest", "ContactDetailsXUnitTest\ContactDetailsXUnitTest.csproj", "{07C56615-5E43-4F03-BB93-61784F9822AF}"
EndProject
Global
	GlobalSection(SolutionConfigurationPlatforms) = preSolution
		Debug|Any CPU = Debug|Any CPU
		Release|Any CPU = Release|Any CPU
	EndGlobalSection
	GlobalSection(ProjectConfigurationPlatforms) = postSolution
		{79057998-F31F-472E-B137-D87206B9F735}.Debug|Any CPU.ActiveCfg = Debug|Any CPU
		{79057998-F31F-472E-B137-D87206B9F735}.Debug|Any CPU.Build.0 = Debug|Any CPU
		{79057998-F31F-472E-B137-D87206B9F735}.Release|Any CPU.ActiveCfg = Release|Any CPU
		{79057998-F31F-472E-B137-D87206B9F735}.Release|Any CPU.Build.0 = Release|Any CPU
		{F5D6E9EE-1BD8-4FD6-A5BC-918BCCE8576B}.Debug|Any CPU.ActiveCfg = Debug|Any CPU
		{F5D6E9EE-1BD8-4FD6-A5BC-918BCCE8576B}.Debug|Any CPU.Build.0 = Debug|Any CPU
		{F5D6E9EE-1BD8-4FD6-A5BC-918BCCE8576B}.Release|Any CPU.ActiveCfg = Release|Any CPU
		{F5D6E9EE-1BD8-4FD6-A5BC-918BCCE8576B}.Release|Any CPU.Build.0 = Release|Any CPU
		{07C56615-5E43-4F03-BB93-61784F9822AF}.Debug|Any CPU.ActiveCfg = Debug|Any CPU
		{07C56615-5E43-4F03-BB93-61784F9822AF}.Debug|Any CPU.Build.0 = Debug|Any CPU
		{07C56615-5E43-4F03-BB93-61784F9822AF}.Release|Any CPU.ActiveCfg = Release|Any CPU
		{07C56615-5E43-4F03-BB93-61784F9822AF}.Release|Any CPU.Build.0 = Release|Any CPU
	EndGlobalSection
	GlobalSection(SolutionProperties) = preSolution
		HideSolutionNode = FALSE
	EndGlobalSection
	GlobalSection(ExtensibilityGlobals) = postSolution
		SolutionGuid = {5525CFFD-C31A-4D82-9B22-87944002E5C8}
	EndGlobalSection
EndGlobal
